
Microsoft Visual Studio Solution File, Format Version 12.00
# Visual Studio Version 17
VisualStudioVersion = 17.0.31912.275
MinimumVisualStudioVersion = 10.0.40219.1
Project("{FAE04EC0-301F-11D3-BF4B-00C04F79EFBC}") = "00 - Vetores", "00 - Vetores\00 - Vetores.csproj", "{1011224B-B6D5-4914-97DC-721641BA9B55}"
EndProject
Global
	GlobalSection(SolutionConfigurationPlatforms) = preSolution
		Debug|Any CPU = Debug|Any CPU
		Release|Any CPU = Release|Any CPU
	EndGlobalSection
	GlobalSection(ProjectConfigurationPlatforms) = postSolution
		{1011224B-B6D5-4914-97DC-721641BA9B55}.Debug|Any CPU.ActiveCfg = Debug|Any CPU
		{1011224B-B6D5-4914-97DC-721641BA9B55}.Debug|Any CPU.Build.0 = Debug|Any CPU
		{1011224B-B6D5-4914-97DC-721641BA9B55}.Release|Any CPU.ActiveCfg = Release|Any CPU
		{1011224B-B6D5-4914-97DC-721641BA9B55}.Release|Any CPU.Build.0 = Release|Any CPU
	EndGlobalSection
	GlobalSection(SolutionProperties) = preSolution
		HideSolutionNode = FALSE
	EndGlobalSection
	GlobalSection(ExtensibilityGlobals) = postSolution
		SolutionGuid = {4B003EF5-C652-4C24-84A9-B1F7808BAC36}
	EndGlobalSection
EndGlobal
